// !$*UTF8*$!
{
	archiveVersion = 1;
	classes = {
	};
	objectVersion = 50;
	objects = {

/* Begin PBXBuildFile section */
		DC04E81023F3E2EE00601E2C /* VerticalDescendingBarsDataHelper.swift in Sources */ = {isa = PBXBuildFile; fileRef = DC04E80E23F3E2EE00601E2C /* VerticalDescendingBarsDataHelper.swift */; };
		DC41B2EC23F24BEF004E6F71 /* AppDelegate.swift in Sources */ = {isa = PBXBuildFile; fileRef = DC41B2E323F24BEF004E6F71 /* AppDelegate.swift */; };
		DC41B2ED23F24BEF004E6F71 /* Assets.xcassets in Resources */ = {isa = PBXBuildFile; fileRef = DC41B2E423F24BEF004E6F71 /* Assets.xcassets */; };
		DC41B2EE23F24BEF004E6F71 /* LaunchScreen.storyboard in Resources */ = {isa = PBXBuildFile; fileRef = DC41B2E523F24BEF004E6F71 /* LaunchScreen.storyboard */; };
		DC41B2EF23F24BEF004E6F71 /* ContentView.swift in Sources */ = {isa = PBXBuildFile; fileRef = DC41B2E723F24BEF004E6F71 /* ContentView.swift */; };
		DC41B2F123F24BEF004E6F71 /* Preview Assets.xcassets in Resources */ = {isa = PBXBuildFile; fileRef = DC41B2EA23F24BEF004E6F71 /* Preview Assets.xcassets */; };
		DC41B2F223F24BEF004E6F71 /* SceneDelegate.swift in Sources */ = {isa = PBXBuildFile; fileRef = DC41B2EB23F24BEF004E6F71 /* SceneDelegate.swift */; };
		DC41B43423F24D99004E6F71 /* libGraffeine.a in Frameworks */ = {isa = PBXBuildFile; fileRef = DC41B42F23F24D78004E6F71 /* libGraffeine.a */; };
		DC41B43623F2542E004E6F71 /* VerticalDescendingBarsConfig.swift in Sources */ = {isa = PBXBuildFile; fileRef = DC41B43523F2542E004E6F71 /* VerticalDescendingBarsConfig.swift */; };
		DC7FF87D23F3BC700068AF51 /* Color.swift in Sources */ = {isa = PBXBuildFile; fileRef = DC7FF87B23F3BC700068AF51 /* Color.swift */; };
/* End PBXBuildFile section */

/* Begin PBXContainerItemProxy section */
		DC41B42E23F24D78004E6F71 /* PBXContainerItemProxy */ = {
			isa = PBXContainerItemProxy;
			containerPortal = DC41B42923F24D78004E6F71 /* Graffeine.xcodeproj */;
			proxyType = 2;
			remoteGlobalIDString = DCF3C76A23C6993A00F5F92F;
			remoteInfo = Graffeine;
		};
		DC41B43023F24D78004E6F71 /* PBXContainerItemProxy */ = {
			isa = PBXContainerItemProxy;
			containerPortal = DC41B42923F24D78004E6F71 /* Graffeine.xcodeproj */;
			proxyType = 2;
			remoteGlobalIDString = DC612E3A23B43B8300C08AB5;
			remoteInfo = GraffeineTests;
		};
		DC41B43223F24D92004E6F71 /* PBXContainerItemProxy */ = {
			isa = PBXContainerItemProxy;
			containerPortal = DC41B42923F24D78004E6F71 /* Graffeine.xcodeproj */;
			proxyType = 1;
			remoteGlobalIDString = DCF3C76923C6993A00F5F92F;
			remoteInfo = Graffeine;
		};
/* End PBXContainerItemProxy section */

/* Begin PBXFileReference section */
		DC04E80E23F3E2EE00601E2C /* VerticalDescendingBarsDataHelper.swift */ = {isa = PBXFileReference; lastKnownFileType = sourcecode.swift; path = VerticalDescendingBarsDataHelper.swift; sourceTree = "<group>"; };
		DC41B2CA23F24B4B004E6F71 /* Graffeine-SwiftUI-Demo.app */ = {isa = PBXFileReference; explicitFileType = wrapper.application; includeInIndex = 0; path = "Graffeine-SwiftUI-Demo.app"; sourceTree = BUILT_PRODUCTS_DIR; };
		DC41B2E323F24BEF004E6F71 /* AppDelegate.swift */ = {isa = PBXFileReference; fileEncoding = 4; lastKnownFileType = sourcecode.swift; path = AppDelegate.swift; sourceTree = "<group>"; };
		DC41B2E423F24BEF004E6F71 /* Assets.xcassets */ = {isa = PBXFileReference; lastKnownFileType = folder.assetcatalog; path = Assets.xcassets; sourceTree = "<group>"; };
		DC41B2E623F24BEF004E6F71 /* Base */ = {isa = PBXFileReference; lastKnownFileType = file.storyboard; name = Base; path = Base.lproj/LaunchScreen.storyboard; sourceTree = "<group>"; };
		DC41B2E723F24BEF004E6F71 /* ContentView.swift */ = {isa = PBXFileReference; fileEncoding = 4; lastKnownFileType = sourcecode.swift; path = ContentView.swift; sourceTree = "<group>"; };
		DC41B2E823F24BEF004E6F71 /* Info.plist */ = {isa = PBXFileReference; fileEncoding = 4; lastKnownFileType = text.plist.xml; path = Info.plist; sourceTree = "<group>"; };
		DC41B2EA23F24BEF004E6F71 /* Preview Assets.xcassets */ = {isa = PBXFileReference; lastKnownFileType = folder.assetcatalog; path = "Preview Assets.xcassets"; sourceTree = "<group>"; };
		DC41B2EB23F24BEF004E6F71 /* SceneDelegate.swift */ = {isa = PBXFileReference; fileEncoding = 4; lastKnownFileType = sourcecode.swift; path = SceneDelegate.swift; sourceTree = "<group>"; };
		DC41B42923F24D78004E6F71 /* Graffeine.xcodeproj */ = {isa = PBXFileReference; lastKnownFileType = "wrapper.pb-project"; name = Graffeine.xcodeproj; path = submodule/graffeine/Graffeine.xcodeproj; sourceTree = "<group>"; };
		DC41B43523F2542E004E6F71 /* VerticalDescendingBarsConfig.swift */ = {isa = PBXFileReference; lastKnownFileType = sourcecode.swift; path = VerticalDescendingBarsConfig.swift; sourceTree = "<group>"; };
		DC7FF87B23F3BC700068AF51 /* Color.swift */ = {isa = PBXFileReference; lastKnownFileType = sourcecode.swift; path = Color.swift; sourceTree = "<group>"; };
/* End PBXFileReference section */

/* Begin PBXFrameworksBuildPhase section */
		DC41B2C723F24B4B004E6F71 /* Frameworks */ = {
			isa = PBXFrameworksBuildPhase;
			buildActionMask = 2147483647;
			files = (
				DC41B43423F24D99004E6F71 /* libGraffeine.a in Frameworks */,
			);
			runOnlyForDeploymentPostprocessing = 0;
		};
/* End PBXFrameworksBuildPhase section */

/* Begin PBXGroup section */
		DC41B2C123F24B4B004E6F71 = {
			isa = PBXGroup;
			children = (
				DC41B2F323F24D3C004E6F71 /* Frameworks */,
				DC41B2CB23F24B4B004E6F71 /* Products */,
				DC41B2E123F24BD6004E6F71 /* Sources */,
			);
			sourceTree = "<group>";
		};
		DC41B2CB23F24B4B004E6F71 /* Products */ = {
			isa = PBXGroup;
			children = (
				DC41B2CA23F24B4B004E6F71 /* Graffeine-SwiftUI-Demo.app */,
			);
			name = Products;
			sourceTree = "<group>";
		};
		DC41B2E123F24BD6004E6F71 /* Sources */ = {
			isa = PBXGroup;
			children = (
				DC41B2E223F24BEF004E6F71 /* Graffeine-SwiftUI-Demo */,
			);
			path = Sources;
			sourceTree = "<group>";
		};
		DC41B2E223F24BEF004E6F71 /* Graffeine-SwiftUI-Demo */ = {
			isa = PBXGroup;
			children = (
				DC41B2E823F24BEF004E6F71 /* Info.plist */,
				DC41B2E323F24BEF004E6F71 /* AppDelegate.swift */,
				DC7FF87B23F3BC700068AF51 /* Color.swift */,
				DC41B2E723F24BEF004E6F71 /* ContentView.swift */,
				DC41B2EB23F24BEF004E6F71 /* SceneDelegate.swift */,
				DC41B43523F2542E004E6F71 /* VerticalDescendingBarsConfig.swift */,
				DC04E80E23F3E2EE00601E2C /* VerticalDescendingBarsDataHelper.swift */,
				DC41B2E423F24BEF004E6F71 /* Assets.xcassets */,
				DC41B2E523F24BEF004E6F71 /* LaunchScreen.storyboard */,
				DC41B2E923F24BEF004E6F71 /* Preview Content */,
			);
			path = "Graffeine-SwiftUI-Demo";
			sourceTree = "<group>";
		};
		DC41B2E923F24BEF004E6F71 /* Preview Content */ = {
			isa = PBXGroup;
			children = (
				DC41B2EA23F24BEF004E6F71 /* Preview Assets.xcassets */,
			);
			path = "Preview Content";
			sourceTree = "<group>";
		};
		DC41B2F323F24D3C004E6F71 /* Frameworks */ = {
			isa = PBXGroup;
			children = (
				DC41B42923F24D78004E6F71 /* Graffeine.xcodeproj */,
			);
			name = Frameworks;
			sourceTree = "<group>";
		};
		DC41B42A23F24D78004E6F71 /* Products */ = {
			isa = PBXGroup;
			children = (
				DC41B42F23F24D78004E6F71 /* libGraffeine.a */,
				DC41B43123F24D78004E6F71 /* GraffeineTests.xctest */,
			);
			name = Products;
			sourceTree = "<group>";
		};
/* End PBXGroup section */

/* Begin PBXNativeTarget section */
		DC41B2C923F24B4B004E6F71 /* Graffeine-SwiftUI-Demo */ = {
			isa = PBXNativeTarget;
			buildConfigurationList = DC41B2DE23F24B4E004E6F71 /* Build configuration list for PBXNativeTarget "Graffeine-SwiftUI-Demo" */;
			buildPhases = (
				DC41B2C623F24B4B004E6F71 /* Sources */,
				DC41B2C723F24B4B004E6F71 /* Frameworks */,
				DC41B2C823F24B4B004E6F71 /* Resources */,
			);
			buildRules = (
			);
			dependencies = (
				DC41B43323F24D92004E6F71 /* PBXTargetDependency */,
			);
			name = "Graffeine-SwiftUI-Demo";
			productName = "Graffeine-SwiftUI-Demo";
			productReference = DC41B2CA23F24B4B004E6F71 /* Graffeine-SwiftUI-Demo.app */;
			productType = "com.apple.product-type.application";
		};
/* End PBXNativeTarget section */

/* Begin PBXProject section */
		DC41B2C223F24B4B004E6F71 /* Project object */ = {
			isa = PBXProject;
			attributes = {
				LastSwiftUpdateCheck = 1130;
				LastUpgradeCheck = 1130;
				ORGANIZATIONNAME = quickthyme;
				TargetAttributes = {
					DC41B2C923F24B4B004E6F71 = {
						CreatedOnToolsVersion = 11.3.1;
					};
				};
			};
			buildConfigurationList = DC41B2C523F24B4B004E6F71 /* Build configuration list for PBXProject "Graffeine-SwiftUI-Demo" */;
			compatibilityVersion = "Xcode 9.3";
			developmentRegion = en;
			hasScannedForEncodings = 0;
			knownRegions = (
				en,
				Base,
			);
			mainGroup = DC41B2C123F24B4B004E6F71;
			productRefGroup = DC41B2CB23F24B4B004E6F71 /* Products */;
			projectDirPath = "";
			projectReferences = (
				{
					ProductGroup = DC41B42A23F24D78004E6F71 /* Products */;
					ProjectRef = DC41B42923F24D78004E6F71 /* Graffeine.xcodeproj */;
				},
			);
			projectRoot = "";
			targets = (
				DC41B2C923F24B4B004E6F71 /* Graffeine-SwiftUI-Demo */,
			);
		};
/* End PBXProject section */

/* Begin PBXReferenceProxy section */
		DC41B42F23F24D78004E6F71 /* libGraffeine.a */ = {
			isa = PBXReferenceProxy;
			fileType = archive.ar;
			path = libGraffeine.a;
			remoteRef = DC41B42E23F24D78004E6F71 /* PBXContainerItemProxy */;
			sourceTree = BUILT_PRODUCTS_DIR;
		};
		DC41B43123F24D78004E6F71 /* GraffeineTests.xctest */ = {
			isa = PBXReferenceProxy;
			fileType = wrapper.cfbundle;
			path = GraffeineTests.xctest;
			remoteRef = DC41B43023F24D78004E6F71 /* PBXContainerItemProxy */;
			sourceTree = BUILT_PRODUCTS_DIR;
		};
/* End PBXReferenceProxy section */

/* Begin PBXResourcesBuildPhase section */
		DC41B2C823F24B4B004E6F71 /* Resources */ = {
			isa = PBXResourcesBuildPhase;
			buildActionMask = 2147483647;
			files = (
				DC41B2F123F24BEF004E6F71 /* Preview Assets.xcassets in Resources */,
				DC41B2ED23F24BEF004E6F71 /* Assets.xcassets in Resources */,
				DC41B2EE23F24BEF004E6F71 /* LaunchScreen.storyboard in Resources */,
			);
			runOnlyForDeploymentPostprocessing = 0;
		};
/* End PBXResourcesBuildPhase section */

/* Begin PBXSourcesBuildPhase section */
		DC41B2C623F24B4B004E6F71 /* Sources */ = {
			isa = PBXSourcesBuildPhase;
			buildActionMask = 2147483647;
			files = (
				DC41B2EF23F24BEF004E6F71 /* ContentView.swift in Sources */,
				DC7FF87D23F3BC700068AF51 /* Color.swift in Sources */,
				DC41B2EC23F24BEF004E6F71 /* AppDelegate.swift in Sources */,
				DC41B43623F2542E004E6F71 /* VerticalDescendingBarsConfig.swift in Sources */,
				DC04E81023F3E2EE00601E2C /* VerticalDescendingBarsDataHelper.swift in Sources */,
				DC41B2F223F24BEF004E6F71 /* SceneDelegate.swift in Sources */,
			);
			runOnlyForDeploymentPostprocessing = 0;
		};
/* End PBXSourcesBuildPhase section */

/* Begin PBXTargetDependency section */
		DC41B43323F24D92004E6F71 /* PBXTargetDependency */ = {
			isa = PBXTargetDependency;
			name = Graffeine;
			targetProxy = DC41B43223F24D92004E6F71 /* PBXContainerItemProxy */;
		};
/* End PBXTargetDependency section */

/* Begin PBXVariantGroup section */
		DC41B2E523F24BEF004E6F71 /* LaunchScreen.storyboard */ = {
			isa = PBXVariantGroup;
			children = (
				DC41B2E623F24BEF004E6F71 /* Base */,
			);
			name = LaunchScreen.storyboard;
			sourceTree = "<group>";
		};
/* End PBXVariantGroup section */

/* Begin XCBuildConfiguration section */
		DC41B2DC23F24B4E004E6F71 /* Debug */ = {
			isa = XCBuildConfiguration;
			buildSettings = {
				ALWAYS_SEARCH_USER_PATHS = NO;
				CLANG_ANALYZER_NONNULL = YES;
				CLANG_ANALYZER_NUMBER_OBJECT_CONVERSION = YES_AGGRESSIVE;
				CLANG_CXX_LANGUAGE_STANDARD = "gnu++14";
				CLANG_CXX_LIBRARY = "libc++";
				CLANG_ENABLE_MODULES = YES;
				CLANG_ENABLE_OBJC_ARC = YES;
				CLANG_ENABLE_OBJC_WEAK = YES;
				CLANG_WARN_BLOCK_CAPTURE_AUTORELEASING = YES;
				CLANG_WARN_BOOL_CONVERSION = YES;
				CLANG_WARN_COMMA = YES;
				CLANG_WARN_CONSTANT_CONVERSION = YES;
				CLANG_WARN_DEPRECATED_OBJC_IMPLEMENTATIONS = YES;
				CLANG_WARN_DIRECT_OBJC_ISA_USAGE = YES_ERROR;
				CLANG_WARN_DOCUMENTATION_COMMENTS = YES;
				CLANG_WARN_EMPTY_BODY = YES;
				CLANG_WARN_ENUM_CONVERSION = YES;
				CLANG_WARN_INFINITE_RECURSION = YES;
				CLANG_WARN_INT_CONVERSION = YES;
				CLANG_WARN_NON_LITERAL_NULL_CONVERSION = YES;
				CLANG_WARN_OBJC_IMPLICIT_RETAIN_SELF = YES;
				CLANG_WARN_OBJC_LITERAL_CONVERSION = YES;
				CLANG_WARN_OBJC_ROOT_CLASS = YES_ERROR;
				CLANG_WARN_RANGE_LOOP_ANALYSIS = YES;
				CLANG_WARN_STRICT_PROTOTYPES = YES;
				CLANG_WARN_SUSPICIOUS_MOVE = YES;
				CLANG_WARN_UNGUARDED_AVAILABILITY = YES_AGGRESSIVE;
				CLANG_WARN_UNREACHABLE_CODE = YES;
				CLANG_WARN__DUPLICATE_METHOD_MATCH = YES;
				COPY_PHASE_STRIP = NO;
				DEBUG_INFORMATION_FORMAT = dwarf;
				ENABLE_STRICT_OBJC_MSGSEND = YES;
				ENABLE_TESTABILITY = YES;
				GCC_C_LANGUAGE_STANDARD = gnu11;
				GCC_DYNAMIC_NO_PIC = NO;
				GCC_NO_COMMON_BLOCKS = YES;
				GCC_OPTIMIZATION_LEVEL = 0;
				GCC_PREPROCESSOR_DEFINITIONS = (
					"DEBUG=1",
					"$(inherited)",
				);
				GCC_WARN_64_TO_32_BIT_CONVERSION = YES;
				GCC_WARN_ABOUT_RETURN_TYPE = YES_ERROR;
				GCC_WARN_UNDECLARED_SELECTOR = YES;
				GCC_WARN_UNINITIALIZED_AUTOS = YES_AGGRESSIVE;
				GCC_WARN_UNUSED_FUNCTION = YES;
				GCC_WARN_UNUSED_VARIABLE = YES;
				IPHONEOS_DEPLOYMENT_TARGET = 13.2;
				MTL_ENABLE_DEBUG_INFO = INCLUDE_SOURCE;
				MTL_FAST_MATH = YES;
				ONLY_ACTIVE_ARCH = YES;
				SDKROOT = iphoneos;
				SWIFT_ACTIVE_COMPILATION_CONDITIONS = DEBUG;
				SWIFT_OPTIMIZATION_LEVEL = "-Onone";
			};
			name = Debug;
		};
		DC41B2DD23F24B4E004E6F71 /* Release */ = {
			isa = XCBuildConfiguration;
			buildSettings = {
				ALWAYS_SEARCH_USER_PATHS = NO;
				CLANG_ANALYZER_NONNULL = YES;
				CLANG_ANALYZER_NUMBER_OBJECT_CONVERSION = YES_AGGRESSIVE;
				CLANG_CXX_LANGUAGE_STANDARD = "gnu++14";
				CLANG_CXX_LIBRARY = "libc++";
				CLANG_ENABLE_MODULES = YES;
				CLANG_ENABLE_OBJC_ARC = YES;
				CLANG_ENABLE_OBJC_WEAK = YES;
				CLANG_WARN_BLOCK_CAPTURE_AUTORELEASING = YES;
				CLANG_WARN_BOOL_CONVERSION = YES;
				CLANG_WARN_COMMA = YES;
				CLANG_WARN_CONSTANT_CONVERSION = YES;
				CLANG_WARN_DEPRECATED_OBJC_IMPLEMENTATIONS = YES;
				CLANG_WARN_DIRECT_OBJC_ISA_USAGE = YES_ERROR;
				CLANG_WARN_DOCUMENTATION_COMMENTS = YES;
				CLANG_WARN_EMPTY_BODY = YES;
				CLANG_WARN_ENUM_CONVERSION = YES;
				CLANG_WARN_INFINITE_RECURSION = YES;
				CLANG_WARN_INT_CONVERSION = YES;
				CLANG_WARN_NON_LITERAL_NULL_CONVERSION = YES;
				CLANG_WARN_OBJC_IMPLICIT_RETAIN_SELF = YES;
				CLANG_WARN_OBJC_LITERAL_CONVERSION = YES;
				CLANG_WARN_OBJC_ROOT_CLASS = YES_ERROR;
				CLANG_WARN_RANGE_LOOP_ANALYSIS = YES;
				CLANG_WARN_STRICT_PROTOTYPES = YES;
				CLANG_WARN_SUSPICIOUS_MOVE = YES;
				CLANG_WARN_UNGUARDED_AVAILABILITY = YES_AGGRESSIVE;
				CLANG_WARN_UNREACHABLE_CODE = YES;
				CLANG_WARN__DUPLICATE_METHOD_MATCH = YES;
				COPY_PHASE_STRIP = NO;
				DEBUG_INFORMATION_FORMAT = "dwarf-with-dsym";
				ENABLE_NS_ASSERTIONS = NO;
				ENABLE_STRICT_OBJC_MSGSEND = YES;
				GCC_C_LANGUAGE_STANDARD = gnu11;
				GCC_NO_COMMON_BLOCKS = YES;
				GCC_WARN_64_TO_32_BIT_CONVERSION = YES;
				GCC_WARN_ABOUT_RETURN_TYPE = YES_ERROR;
				GCC_WARN_UNDECLARED_SELECTOR = YES;
				GCC_WARN_UNINITIALIZED_AUTOS = YES_AGGRESSIVE;
				GCC_WARN_UNUSED_FUNCTION = YES;
				GCC_WARN_UNUSED_VARIABLE = YES;
				IPHONEOS_DEPLOYMENT_TARGET = 13.2;
				MTL_ENABLE_DEBUG_INFO = NO;
				MTL_FAST_MATH = YES;
				SDKROOT = iphoneos;
				SWIFT_COMPILATION_MODE = wholemodule;
				SWIFT_OPTIMIZATION_LEVEL = "-O";
				VALIDATE_PRODUCT = YES;
			};
			name = Release;
		};
		DC41B2DF23F24B4E004E6F71 /* Debug */ = {
			isa = XCBuildConfiguration;
			buildSettings = {
				ASSETCATALOG_COMPILER_APPICON_NAME = AppIcon;
				CODE_SIGN_STYLE = Automatic;
				DEVELOPMENT_ASSET_PATHS = "\"Sources/Graffeine-SwiftUI-Demo/Preview Content\"";
				DEVELOPMENT_TEAM = LZG4ZYJ62H;
				ENABLE_PREVIEWS = YES;
				INFOPLIST_FILE = "Sources/Graffeine-SwiftUI-Demo/Info.plist";
				LD_RUNPATH_SEARCH_PATHS = (
					"$(inherited)",
					"@executable_path/Frameworks",
				);
				PRODUCT_BUNDLE_IDENTIFIER = com.quickthyme.GraffeineSwiftUIDemo;
				PRODUCT_NAME = "$(TARGET_NAME)";
				SWIFT_VERSION = 5.0;
				TARGETED_DEVICE_FAMILY = 1;
			};
			name = Debug;
		};
		DC41B2E023F24B4E004E6F71 /* Release */ = {
			isa = XCBuildConfiguration;
			buildSettings = {
				ASSETCATALOG_COMPILER_APPICON_NAME = AppIcon;
				CODE_SIGN_STYLE = Automatic;
				DEVELOPMENT_ASSET_PATHS = "\"Sources/Graffeine-SwiftUI-Demo/Preview Content\"";
				DEVELOPMENT_TEAM = LZG4ZYJ62H;
				ENABLE_PREVIEWS = YES;
				INFOPLIST_FILE = "Sources/Graffeine-SwiftUI-Demo/Info.plist";
				LD_RUNPATH_SEARCH_PATHS = (
					"$(inherited)",
					"@executable_path/Frameworks",
				);
				PRODUCT_BUNDLE_IDENTIFIER = com.quickthyme.GraffeineSwiftUIDemo;
				PRODUCT_NAME = "$(TARGET_NAME)";
				SWIFT_VERSION = 5.0;
				TARGETED_DEVICE_FAMILY = 1;
			};
			name = Release;
		};
/* End XCBuildConfiguration section */

/* Begin XCConfigurationList section */
		DC41B2C523F24B4B004E6F71 /* Build configuration list for PBXProject "Graffeine-SwiftUI-Demo" */ = {
			isa = XCConfigurationList;
			buildConfigurations = (
				DC41B2DC23F24B4E004E6F71 /* Debug */,
				DC41B2DD23F24B4E004E6F71 /* Release */,
			);
			defaultConfigurationIsVisible = 0;
			defaultConfigurationName = Release;
		};
		DC41B2DE23F24B4E004E6F71 /* Build configuration list for PBXNativeTarget "Graffeine-SwiftUI-Demo" */ = {
			isa = XCConfigurationList;
			buildConfigurations = (
				DC41B2DF23F24B4E004E6F71 /* Debug */,
				DC41B2E023F24B4E004E6F71 /* Release */,
			);
			defaultConfigurationIsVisible = 0;
			defaultConfigurationName = Release;
		};
/* End XCConfigurationList section */
	};
	rootObject = DC41B2C223F24B4B004E6F71 /* Project object */;
}
